// !$*UTF8*$!
{
	archiveVersion = 1;
	classes = {
	};
	objectVersion = 50;
	objects = {

/* Begin PBXBuildFile section */
		744B51A321F4B83F0078917B /* AppDelegate.swift in Sources */ = {isa = PBXBuildFile; fileRef = 744B51A221F4B83F0078917B /* AppDelegate.swift */; };
		744B51A521F4B83F0078917B /* ViewController.swift in Sources */ = {isa = PBXBuildFile; fileRef = 744B51A421F4B83F0078917B /* ViewController.swift */; };
		744B51A821F4B83F0078917B /* Main.storyboard in Resources */ = {isa = PBXBuildFile; fileRef = 744B51A621F4B83F0078917B /* Main.storyboard */; };
		744B51AB21F4B83F0078917B /* Instagram.xcdatamodeld in Sources */ = {isa = PBXBuildFile; fileRef = 744B51A921F4B83F0078917B /* Instagram.xcdatamodeld */; };
		744B51AD21F4B8420078917B /* Assets.xcassets in Resources */ = {isa = PBXBuildFile; fileRef = 744B51AC21F4B8420078917B /* Assets.xcassets */; };
		744B51B021F4B8420078917B /* LaunchScreen.storyboard in Resources */ = {isa = PBXBuildFile; fileRef = 744B51AE21F4B8420078917B /* LaunchScreen.storyboard */; };
		744B51D921F4BD1B0078917B /* profile.swift in Sources */ = {isa = PBXBuildFile; fileRef = 744B51D821F4BD1B0078917B /* profile.swift */; };
		744B51DD21F5A0740078917B /* api_services.swift in Sources */ = {isa = PBXBuildFile; fileRef = 744B51DC21F5A0740078917B /* api_services.swift */; };
		744B51E021F5F8690078917B /* end_points.swift in Sources */ = {isa = PBXBuildFile; fileRef = 744B51DF21F5F8690078917B /* end_points.swift */; };
		E9EBFFB021A4EBC5CB8FEEBD /* Pods_Instagram.framework in Frameworks */ = {isa = PBXBuildFile; fileRef = 61CAA7572AF5E230EF730161 /* Pods_Instagram.framework */; };
/* End PBXBuildFile section */

/* Begin PBXFileReference section */
		61CAA7572AF5E230EF730161 /* Pods_Instagram.framework */ = {isa = PBXFileReference; explicitFileType = wrapper.framework; includeInIndex = 0; path = Pods_Instagram.framework; sourceTree = BUILT_PRODUCTS_DIR; };
		744B519F21F4B83F0078917B /* Instagram.app */ = {isa = PBXFileReference; explicitFileType = wrapper.application; includeInIndex = 0; path = Instagram.app; sourceTree = BUILT_PRODUCTS_DIR; };
		744B51A221F4B83F0078917B /* AppDelegate.swift */ = {isa = PBXFileReference; lastKnownFileType = sourcecode.swift; path = AppDelegate.swift; sourceTree = "<group>"; };
		744B51A421F4B83F0078917B /* ViewController.swift */ = {isa = PBXFileReference; lastKnownFileType = sourcecode.swift; path = ViewController.swift; sourceTree = "<group>"; };
		744B51A721F4B83F0078917B /* Base */ = {isa = PBXFileReference; lastKnownFileType = file.storyboard; name = Base; path = Base.lproj/Main.storyboard; sourceTree = "<group>"; };
		744B51AA21F4B83F0078917B /* Instagram.xcdatamodel */ = {isa = PBXFileReference; lastKnownFileType = wrapper.xcdatamodel; path = Instagram.xcdatamodel; sourceTree = "<group>"; };
		744B51AC21F4B8420078917B /* Assets.xcassets */ = {isa = PBXFileReference; lastKnownFileType = folder.assetcatalog; path = Assets.xcassets; sourceTree = "<group>"; };
		744B51AF21F4B8420078917B /* Base */ = {isa = PBXFileReference; lastKnownFileType = file.storyboard; name = Base; path = Base.lproj/LaunchScreen.storyboard; sourceTree = "<group>"; };
		744B51B121F4B8420078917B /* Info.plist */ = {isa = PBXFileReference; lastKnownFileType = text.plist.xml; path = Info.plist; sourceTree = "<group>"; };
		744B51D821F4BD1B0078917B /* profile.swift */ = {isa = PBXFileReference; lastKnownFileType = sourcecode.swift; path = profile.swift; sourceTree = "<group>"; };
		744B51DC21F5A0740078917B /* api_services.swift */ = {isa = PBXFileReference; lastKnownFileType = sourcecode.swift; path = api_services.swift; sourceTree = "<group>"; };
		744B51DF21F5F8690078917B /* end_points.swift */ = {isa = PBXFileReference; lastKnownFileType = sourcecode.swift; path = end_points.swift; sourceTree = "<group>"; };
		C01C53DE541274F4B8897F0E /* Pods-Instagram.debug.xcconfig */ = {isa = PBXFileReference; includeInIndex = 1; lastKnownFileType = text.xcconfig; name = "Pods-Instagram.debug.xcconfig"; path = "Pods/Target Support Files/Pods-Instagram/Pods-Instagram.debug.xcconfig"; sourceTree = "<group>"; };
		CE2F129DDB8D600A541DD9A0 /* Pods-Instagram.release.xcconfig */ = {isa = PBXFileReference; includeInIndex = 1; lastKnownFileType = text.xcconfig; name = "Pods-Instagram.release.xcconfig"; path = "Pods/Target Support Files/Pods-Instagram/Pods-Instagram.release.xcconfig"; sourceTree = "<group>"; };
/* End PBXFileReference section */

/* Begin PBXFrameworksBuildPhase section */
		744B519C21F4B83F0078917B /* Frameworks */ = {
			isa = PBXFrameworksBuildPhase;
			buildActionMask = 2147483647;
			files = (
				E9EBFFB021A4EBC5CB8FEEBD /* Pods_Instagram.framework in Frameworks */,
			);
			runOnlyForDeploymentPostprocessing = 0;
		};
/* End PBXFrameworksBuildPhase section */

/* Begin PBXGroup section */
		1A958310043012A157173D9A /* Pods */ = {
			isa = PBXGroup;
			children = (
				C01C53DE541274F4B8897F0E /* Pods-Instagram.debug.xcconfig */,
				CE2F129DDB8D600A541DD9A0 /* Pods-Instagram.release.xcconfig */,
			);
			name = Pods;
			sourceTree = "<group>";
		};
		744B519621F4B83F0078917B = {
			isa = PBXGroup;
			children = (
				744B51A121F4B83F0078917B /* Instagram */,
				744B51A021F4B83F0078917B /* Products */,
				1A958310043012A157173D9A /* Pods */,
				B64D0409F4345F3D804212B3 /* Frameworks */,
			);
			sourceTree = "<group>";
		};
		744B51A021F4B83F0078917B /* Products */ = {
			isa = PBXGroup;
			children = (
				744B519F21F4B83F0078917B /* Instagram.app */,
			);
			name = Products;
			sourceTree = "<group>";
		};
		744B51A121F4B83F0078917B /* Instagram */ = {
			isa = PBXGroup;
			children = (
				744B51D521F4B8EE0078917B /* Utilities */,
				744B51D421F4B8DE0078917B /* VIewControllers */,
				744B51D321F4B87C0078917B /* DataHandlers */,
				744B51A221F4B83F0078917B /* AppDelegate.swift */,
				744B51A621F4B83F0078917B /* Main.storyboard */,
				744B51AE21F4B8420078917B /* LaunchScreen.storyboard */,
				744B51B121F4B8420078917B /* Info.plist */,
				744B51A921F4B83F0078917B /* Instagram.xcdatamodeld */,
			);
			path = Instagram;
			sourceTree = "<group>";
		};
		744B51D321F4B87C0078917B /* DataHandlers */ = {
			isa = PBXGroup;
			children = (
				744B51DC21F5A0740078917B /* api_services.swift */,
				744B51DF21F5F8690078917B /* end_points.swift */,
			);
			path = DataHandlers;
			sourceTree = "<group>";
		};
		744B51D421F4B8DE0078917B /* VIewControllers */ = {
			isa = PBXGroup;
			children = (
				744B51A421F4B83F0078917B /* ViewController.swift */,
				744B51D821F4BD1B0078917B /* profile.swift */,
			);
			path = VIewControllers;
			sourceTree = "<group>";
		};
		744B51D521F4B8EE0078917B /* Utilities */ = {
			isa = PBXGroup;
			children = (
				744B51AC21F4B8420078917B /* Assets.xcassets */,
			);
			path = Utilities;
			sourceTree = "<group>";
		};
		B64D0409F4345F3D804212B3 /* Frameworks */ = {
			isa = PBXGroup;
			children = (
				61CAA7572AF5E230EF730161 /* Pods_Instagram.framework */,
			);
			name = Frameworks;
			sourceTree = "<group>";
		};
/* End PBXGroup section */

/* Begin PBXNativeTarget section */
		744B519E21F4B83F0078917B /* Instagram */ = {
			isa = PBXNativeTarget;
			buildConfigurationList = 744B51CA21F4B8430078917B /* Build configuration list for PBXNativeTarget "Instagram" */;
			buildPhases = (
				5F3452C2482DD71CA223E8DF /* [CP] Check Pods Manifest.lock */,
				744B519B21F4B83F0078917B /* Sources */,
				744B519C21F4B83F0078917B /* Frameworks */,
				744B519D21F4B83F0078917B /* Resources */,
				0F71D1EAC562E5A9C066126E /* [CP] Embed Pods Frameworks */,
			);
			buildRules = (
			);
			dependencies = (
			);
			name = Instagram;
			productName = Instagram;
			productReference = 744B519F21F4B83F0078917B /* Instagram.app */;
			productType = "com.apple.product-type.application";
		};
/* End PBXNativeTarget section */

/* Begin PBXProject section */
		744B519721F4B83F0078917B /* Project object */ = {
			isa = PBXProject;
			attributes = {
				LastSwiftUpdateCheck = 1010;
				LastUpgradeCheck = 1010;
				ORGANIZATIONNAME = Collins;
				TargetAttributes = {
					744B519E21F4B83F0078917B = {
						CreatedOnToolsVersion = 10.1;
					};
				};
			};
			buildConfigurationList = 744B519A21F4B83F0078917B /* Build configuration list for PBXProject "Instagram" */;
			compatibilityVersion = "Xcode 9.3";
			developmentRegion = en;
			hasScannedForEncodings = 0;
			knownRegions = (
				en,
				Base,
			);
			mainGroup = 744B519621F4B83F0078917B;
			productRefGroup = 744B51A021F4B83F0078917B /* Products */;
			projectDirPath = "";
			projectRoot = "";
			targets = (
				744B519E21F4B83F0078917B /* Instagram */,
			);
		};
/* End PBXProject section */

/* Begin PBXResourcesBuildPhase section */
		744B519D21F4B83F0078917B /* Resources */ = {
			isa = PBXResourcesBuildPhase;
			buildActionMask = 2147483647;
			files = (
				744B51B021F4B8420078917B /* LaunchScreen.storyboard in Resources */,
				744B51AD21F4B8420078917B /* Assets.xcassets in Resources */,
				744B51A821F4B83F0078917B /* Main.storyboard in Resources */,
			);
			runOnlyForDeploymentPostprocessing = 0;
		};
/* End PBXResourcesBuildPhase section */

/* Begin PBXShellScriptBuildPhase section */
		0F71D1EAC562E5A9C066126E /* [CP] Embed Pods Frameworks */ = {
			isa = PBXShellScriptBuildPhase;
			buildActionMask = 2147483647;
			files = (
			);
			inputFileListPaths = (
			);
			inputPaths = (
				"${SRCROOT}/Pods/Target Support Files/Pods-Instagram/Pods-Instagram-frameworks.sh",
				"${BUILT_PRODUCTS_DIR}/IQKeyboardManagerSwift/IQKeyboardManagerSwift.framework",
				"${BUILT_PRODUCTS_DIR}/Kingfisher/Kingfisher.framework",
			);
			name = "[CP] Embed Pods Frameworks";
			outputFileListPaths = (
			);
			outputPaths = (
				"${TARGET_BUILD_DIR}/${FRAMEWORKS_FOLDER_PATH}/IQKeyboardManagerSwift.framework",
				"${TARGET_BUILD_DIR}/${FRAMEWORKS_FOLDER_PATH}/Kingfisher.framework",
			);
			runOnlyForDeploymentPostprocessing = 0;
			shellPath = /bin/sh;
			shellScript = "\"${SRCROOT}/Pods/Target Support Files/Pods-Instagram/Pods-Instagram-frameworks.sh\"\n";
			showEnvVarsInLog = 0;
		};
		5F3452C2482DD71CA223E8DF /* [CP] Check Pods Manifest.lock */ = {
			isa = PBXShellScriptBuildPhase;
			buildActionMask = 2147483647;
			files = (
			);
			inputFileListPaths = (
			);
			inputPaths = (
				"${PODS_PODFILE_DIR_PATH}/Podfile.lock",
				"${PODS_ROOT}/Manifest.lock",
			);
			name = "[CP] Check Pods Manifest.lock";
			outputFileListPaths = (
			);
			outputPaths = (
				"$(DERIVED_FILE_DIR)/Pods-Instagram-checkManifestLockResult.txt",
			);
			runOnlyForDeploymentPostprocessing = 0;
			shellPath = /bin/sh;
			shellScript = "diff \"${PODS_PODFILE_DIR_PATH}/Podfile.lock\" \"${PODS_ROOT}/Manifest.lock\" > /dev/null\nif [ $? != 0 ] ; then\n    # print error to STDERR\n    echo \"error: The sandbox is not in sync with the Podfile.lock. Run 'pod install' or update your CocoaPods installation.\" >&2\n    exit 1\nfi\n# This output is used by Xcode 'outputs' to avoid re-running this script phase.\necho \"SUCCESS\" > \"${SCRIPT_OUTPUT_FILE_0}\"\n";
			showEnvVarsInLog = 0;
		};
/* End PBXShellScriptBuildPhase section */

/* Begin PBXSourcesBuildPhase section */
		744B519B21F4B83F0078917B /* Sources */ = {
			isa = PBXSourcesBuildPhase;
			buildActionMask = 2147483647;
			files = (
				744B51E021F5F8690078917B /* end_points.swift in Sources */,
				744B51DD21F5A0740078917B /* api_services.swift in Sources */,
				744B51A521F4B83F0078917B /* ViewController.swift in Sources */,
				744B51AB21F4B83F0078917B /* Instagram.xcdatamodeld in Sources */,
				744B51A321F4B83F0078917B /* AppDelegate.swift in Sources */,
				744B51D921F4BD1B0078917B /* profile.swift in Sources */,
			);
			runOnlyForDeploymentPostprocessing = 0;
		};
/* End PBXSourcesBuildPhase section */

/* Begin PBXVariantGroup section */
		744B51A621F4B83F0078917B /* Main.storyboard */ = {
			isa = PBXVariantGroup;
			children = (
				744B51A721F4B83F0078917B /* Base */,
			);
			name = Main.storyboard;
			sourceTree = "<group>";
		};
		744B51AE21F4B8420078917B /* LaunchScreen.storyboard */ = {
			isa = PBXVariantGroup;
			children = (
				744B51AF21F4B8420078917B /* Base */,
			);
			name = LaunchScreen.storyboard;
			sourceTree = "<group>";
		};
/* End PBXVariantGroup section */

/* Begin XCBuildConfiguration section */
		744B51C821F4B8430078917B /* Debug */ = {
			isa = XCBuildConfiguration;
			buildSettings = {
				ALWAYS_SEARCH_USER_PATHS = NO;
				CLANG_ANALYZER_NONNULL = YES;
				CLANG_ANALYZER_NUMBER_OBJECT_CONVERSION = YES_AGGRESSIVE;
				CLANG_CXX_LANGUAGE_STANDARD = "gnu++14";
				CLANG_CXX_LIBRARY = "libc++";
				CLANG_ENABLE_MODULES = YES;
				CLANG_ENABLE_OBJC_ARC = YES;
				CLANG_ENABLE_OBJC_WEAK = YES;
				CLANG_WARN_BLOCK_CAPTURE_AUTORELEASING = YES;
				CLANG_WARN_BOOL_CONVERSION = YES;
				CLANG_WARN_COMMA = YES;
				CLANG_WARN_CONSTANT_CONVERSION = YES;
				CLANG_WARN_DEPRECATED_OBJC_IMPLEMENTATIONS = YES;
				CLANG_WARN_DIRECT_OBJC_ISA_USAGE = YES_ERROR;
				CLANG_WARN_DOCUMENTATION_COMMENTS = YES;
				CLANG_WARN_EMPTY_BODY = YES;
				CLANG_WARN_ENUM_CONVERSION = YES;
				CLANG_WARN_INFINITE_RECURSION = YES;
				CLANG_WARN_INT_CONVERSION = YES;
				CLANG_WARN_NON_LITERAL_NULL_CONVERSION = YES;
				CLANG_WARN_OBJC_IMPLICIT_RETAIN_SELF = YES;
				CLANG_WARN_OBJC_LITERAL_CONVERSION = YES;
				CLANG_WARN_OBJC_ROOT_CLASS = YES_ERROR;
				CLANG_WARN_RANGE_LOOP_ANALYSIS = YES;
				CLANG_WARN_STRICT_PROTOTYPES = YES;
				CLANG_WARN_SUSPICIOUS_MOVE = YES;
				CLANG_WARN_UNGUARDED_AVAILABILITY = YES_AGGRESSIVE;
				CLANG_WARN_UNREACHABLE_CODE = YES;
				CLANG_WARN__DUPLICATE_METHOD_MATCH = YES;
				CODE_SIGN_IDENTITY = "iPhone Developer";
				COPY_PHASE_STRIP = NO;
				DEBUG_INFORMATION_FORMAT = dwarf;
				ENABLE_STRICT_OBJC_MSGSEND = YES;
				ENABLE_TESTABILITY = YES;
				GCC_C_LANGUAGE_STANDARD = gnu11;
				GCC_DYNAMIC_NO_PIC = NO;
				GCC_NO_COMMON_BLOCKS = YES;
				GCC_OPTIMIZATION_LEVEL = 0;
				GCC_PREPROCESSOR_DEFINITIONS = (
					"DEBUG=1",
					"$(inherited)",
				);
				GCC_WARN_64_TO_32_BIT_CONVERSION = YES;
				GCC_WARN_ABOUT_RETURN_TYPE = YES_ERROR;
				GCC_WARN_UNDECLARED_SELECTOR = YES;
				GCC_WARN_UNINITIALIZED_AUTOS = YES_AGGRESSIVE;
				GCC_WARN_UNUSED_FUNCTION = YES;
				GCC_WARN_UNUSED_VARIABLE = YES;
				IPHONEOS_DEPLOYMENT_TARGET = 12.1;
				MTL_ENABLE_DEBUG_INFO = INCLUDE_SOURCE;
				MTL_FAST_MATH = YES;
				ONLY_ACTIVE_ARCH = YES;
				SDKROOT = iphoneos;
				SWIFT_ACTIVE_COMPILATION_CONDITIONS = DEBUG;
				SWIFT_OPTIMIZATION_LEVEL = "-Onone";
			};
			name = Debug;
		};
		744B51C921F4B8430078917B /* Release */ = {
			isa = XCBuildConfiguration;
			buildSettings = {
				ALWAYS_SEARCH_USER_PATHS = NO;
				CLANG_ANALYZER_NONNULL = YES;
				CLANG_ANALYZER_NUMBER_OBJECT_CONVERSION = YES_AGGRESSIVE;
				CLANG_CXX_LANGUAGE_STANDARD = "gnu++14";
				CLANG_CXX_LIBRARY = "libc++";
				CLANG_ENABLE_MODULES = YES;
				CLANG_ENABLE_OBJC_ARC = YES;
				CLANG_ENABLE_OBJC_WEAK = YES;
				CLANG_WARN_BLOCK_CAPTURE_AUTORELEASING = YES;
				CLANG_WARN_BOOL_CONVERSION = YES;
				CLANG_WARN_COMMA = YES;
				CLANG_WARN_CONSTANT_CONVERSION = YES;
				CLANG_WARN_DEPRECATED_OBJC_IMPLEMENTATIONS = YES;
				CLANG_WARN_DIRECT_OBJC_ISA_USAGE = YES_ERROR;
				CLANG_WARN_DOCUMENTATION_COMMENTS = YES;
				CLANG_WARN_EMPTY_BODY = YES;
				CLANG_WARN_ENUM_CONVERSION = YES;
				CLANG_WARN_INFINITE_RECURSION = YES;
				CLANG_WARN_INT_CONVERSION = YES;
				CLANG_WARN_NON_LITERAL_NULL_CONVERSION = YES;
				CLANG_WARN_OBJC_IMPLICIT_RETAIN_SELF = YES;
				CLANG_WARN_OBJC_LITERAL_CONVERSION = YES;
				CLANG_WARN_OBJC_ROOT_CLASS = YES_ERROR;
				CLANG_WARN_RANGE_LOOP_ANALYSIS = YES;
				CLANG_WARN_STRICT_PROTOTYPES = YES;
				CLANG_WARN_SUSPICIOUS_MOVE = YES;
				CLANG_WARN_UNGUARDED_AVAILABILITY = YES_AGGRESSIVE;
				CLANG_WARN_UNREACHABLE_CODE = YES;
				CLANG_WARN__DUPLICATE_METHOD_MATCH = YES;
				CODE_SIGN_IDENTITY = "iPhone Developer";
				COPY_PHASE_STRIP = NO;
				DEBUG_INFORMATION_FORMAT = "dwarf-with-dsym";
				ENABLE_NS_ASSERTIONS = NO;
				ENABLE_STRICT_OBJC_MSGSEND = YES;
				GCC_C_LANGUAGE_STANDARD = gnu11;
				GCC_NO_COMMON_BLOCKS = YES;
				GCC_WARN_64_TO_32_BIT_CONVERSION = YES;
				GCC_WARN_ABOUT_RETURN_TYPE = YES_ERROR;
				GCC_WARN_UNDECLARED_SELECTOR = YES;
				GCC_WARN_UNINITIALIZED_AUTOS = YES_AGGRESSIVE;
				GCC_WARN_UNUSED_FUNCTION = YES;
				GCC_WARN_UNUSED_VARIABLE = YES;
				IPHONEOS_DEPLOYMENT_TARGET = 12.1;
				MTL_ENABLE_DEBUG_INFO = NO;
				MTL_FAST_MATH = YES;
				SDKROOT = iphoneos;
				SWIFT_COMPILATION_MODE = wholemodule;
				SWIFT_OPTIMIZATION_LEVEL = "-O";
				VALIDATE_PRODUCT = YES;
			};
			name = Release;
		};
		744B51CB21F4B8430078917B /* Debug */ = {
			isa = XCBuildConfiguration;
			baseConfigurationReference = C01C53DE541274F4B8897F0E /* Pods-Instagram.debug.xcconfig */;
			buildSettings = {
				ASSETCATALOG_COMPILER_APPICON_NAME = AppIcon;
				CODE_SIGN_STYLE = Automatic;
				DEVELOPMENT_TEAM = 9EV29V684J;
				INFOPLIST_FILE = Instagram/Info.plist;
				LD_RUNPATH_SEARCH_PATHS = (
					"$(inherited)",
					"@executable_path/Frameworks",
				);
				PRODUCT_BUNDLE_IDENTIFIER = Collins.Instagram;
				PRODUCT_NAME = "$(TARGET_NAME)";
				SWIFT_VERSION = 4.2;
				TARGETED_DEVICE_FAMILY = "1,2";
			};
			name = Debug;
		};
		744B51CC21F4B8430078917B /* Release */ = {
			isa = XCBuildConfiguration;
			baseConfigurationReference = CE2F129DDB8D600A541DD9A0 /* Pods-Instagram.release.xcconfig */;
			buildSettings = {
				ASSETCATALOG_COMPILER_APPICON_NAME = AppIcon;
				CODE_SIGN_STYLE = Automatic;
				DEVELOPMENT_TEAM = 9EV29V684J;
				INFOPLIST_FILE = Instagram/Info.plist;
				LD_RUNPATH_SEARCH_PATHS = (
					"$(inherited)",
					"@executable_path/Frameworks",
				);
				PRODUCT_BUNDLE_IDENTIFIER = Collins.Instagram;
				PRODUCT_NAME = "$(TARGET_NAME)";
				SWIFT_VERSION = 4.2;
				TARGETED_DEVICE_FAMILY = "1,2";
			};
			name = Release;
		};
/* End XCBuildConfiguration section */

/* Begin XCConfigurationList section */
		744B519A21F4B83F0078917B /* Build configuration list for PBXProject "Instagram" */ = {
			isa = XCConfigurationList;
			buildConfigurations = (
				744B51C821F4B8430078917B /* Debug */,
				744B51C921F4B8430078917B /* Release */,
			);
			defaultConfigurationIsVisible = 0;
			defaultConfigurationName = Release;
		};
		744B51CA21F4B8430078917B /* Build configuration list for PBXNativeTarget "Instagram" */ = {
			isa = XCConfigurationList;
			buildConfigurations = (
				744B51CB21F4B8430078917B /* Debug */,
				744B51CC21F4B8430078917B /* Release */,
			);
			defaultConfigurationIsVisible = 0;
			defaultConfigurationName = Release;
		};
/* End XCConfigurationList section */

/* Begin XCVersionGroup section */
		744B51A921F4B83F0078917B /* Instagram.xcdatamodeld */ = {
			isa = XCVersionGroup;
			children = (
				744B51AA21F4B83F0078917B /* Instagram.xcdatamodel */,
			);
			currentVersion = 744B51AA21F4B83F0078917B /* Instagram.xcdatamodel */;
			path = Instagram.xcdatamodeld;
			sourceTree = "<group>";
			versionGroupType = wrapper.xcdatamodel;
		};
/* End XCVersionGroup section */
	};
	rootObject = 744B519721F4B83F0078917B /* Project object */;
}
